// !$*UTF8*$!
{
	archiveVersion = 1;
	classes = {
	};
	objectVersion = 60;
	objects = {

/* Begin PBXBuildFile section */
		B00000000000000000000001 /* ThreadTripApp.swift in Sources */ = {isa = PBXBuildFile; fileRef = C00000000000000000000001 /* ThreadTripApp.swift */; };
		B00000000000000000000007 /* GroupTrip.swift in Sources */ = {isa = PBXBuildFile; fileRef = C00000000000000000000007 /* GroupTrip.swift */; };
		B00000000000000000000008 /* ActivityCandidate.swift in Sources */ = {isa = PBXBuildFile; fileRef = C00000000000000000000008 /* ActivityCandidate.swift */; };
		B00000000000000000000009 /* TripVotingRound.swift in Sources */ = {isa = PBXBuildFile; fileRef = C00000000000000000000009 /* TripVotingRound.swift */; };
		B0000000000000000000000A /* TravelActivityCatalogue.swift in Sources */ = {isa = PBXBuildFile; fileRef = C0000000000000000000000A /* TravelActivityCatalogue.swift */; };
		B0000000000000000000000B /* GenerateGroupActivityDeckUseCase.swift in Sources */ = {isa = PBXBuildFile; fileRef = C0000000000000000000000B /* GenerateGroupActivityDeckUseCase.swift */; };
		B0000000000000000000000F /* TripOverviewViewModel.swift in Sources */ = {isa = PBXBuildFile; fileRef = C0000000000000000000000F /* TripOverviewViewModel.swift */; };
		B00000000000000000000010 /* TripOverviewView.swift in Sources */ = {isa = PBXBuildFile; fileRef = C00000000000000000000010 /* TripOverviewView.swift */; };
		B00000000000000000000011 /* japan_activities.json in Resources */ = {isa = PBXBuildFile; fileRef = C00000000000000000000011 /* japan_activities.json */; };
		B00000000000000000000012 /* Assets.xcassets in Resources */ = {isa = PBXBuildFile; fileRef = C00000000000000000000012 /* Assets.xcassets */; };
/* End PBXBuildFile section */

/* Begin PBXContainerItemProxy section */
		A10000000000000000000001 /* PBXContainerItemProxy */ = {
			isa = PBXContainerItemProxy;
			containerPortal = A00000000000000000000001 /* Project object */;
			proxyType = 1;
			remoteGlobalIDString = A00000000000000000000002;
			remoteInfo = ThreadTrip;
		};
/* End PBXContainerItemProxy section */

/* Begin PBXFileReference section */
		C00000000000000000000001 /* ThreadTripApp.swift */ = {isa = PBXFileReference; lastKnownFileType = sourcecode.swift; path = ThreadTripApp.swift; sourceTree = "<group>"; };
		C00000000000000000000007 /* GroupTrip.swift */ = {isa = PBXFileReference; lastKnownFileType = sourcecode.swift; path = GroupTrip.swift; sourceTree = "<group>"; };
		C00000000000000000000008 /* ActivityCandidate.swift */ = {isa = PBXFileReference; lastKnownFileType = sourcecode.swift; path = ActivityCandidate.swift; sourceTree = "<group>"; };
		C00000000000000000000009 /* TripVotingRound.swift */ = {isa = PBXFileReference; lastKnownFileType = sourcecode.swift; path = TripVotingRound.swift; sourceTree = "<group>"; };
		C0000000000000000000000A /* TravelActivityCatalogue.swift */ = {isa = PBXFileReference; lastKnownFileType = sourcecode.swift; path = TravelActivityCatalogue.swift; sourceTree = "<group>"; };
		C0000000000000000000000B /* GenerateGroupActivityDeckUseCase.swift */ = {isa = PBXFileReference; lastKnownFileType = sourcecode.swift; path = GenerateGroupActivityDeckUseCase.swift; sourceTree = "<group>"; };
		C0000000000000000000000F /* TripOverviewViewModel.swift */ = {isa = PBXFileReference; lastKnownFileType = sourcecode.swift; path = TripOverviewViewModel.swift; sourceTree = "<group>"; };
		C00000000000000000000010 /* TripOverviewView.swift */ = {isa = PBXFileReference; lastKnownFileType = sourcecode.swift; path = TripOverviewView.swift; sourceTree = "<group>"; };
		C00000000000000000000011 /* japan_activities.json */ = {isa = PBXFileReference; lastKnownFileType = text.json; path = japan_activities.json; sourceTree = "<group>"; };
		C00000000000000000000012 /* Assets.xcassets */ = {isa = PBXFileReference; lastKnownFileType = folder.assetcatalog; path = Assets.xcassets; sourceTree = "<group>"; };
		C00000000000000000000014 /* ThreadTrip.app */ = {isa = PBXFileReference; explicitFileType = wrapper.application; includeInIndex = 0; path = ThreadTrip.app; sourceTree = BUILT_PRODUCTS_DIR; };
		C00000000000000000000015 /* ThreadTripTests.xctest */ = {isa = PBXFileReference; explicitFileType = wrapper.cfbundle; includeInIndex = 0; path = ThreadTripTests.xctest; sourceTree = BUILT_PRODUCTS_DIR; };
/* End PBXFileReference section */

/* Begin PBXFrameworksBuildPhase section */
		E00000000000000000000001 /* Frameworks */ = {
			isa = PBXFrameworksBuildPhase;
			buildActionMask = 2147483647;
			files = (
			);
			runOnlyForDeploymentPostprocessing = 0;
		};
		E00000000000000000000002 /* Frameworks */ = {
			isa = PBXFrameworksBuildPhase;
			buildActionMask = 2147483647;
			files = (
			);
			runOnlyForDeploymentPostprocessing = 0;
		};
/* End PBXFrameworksBuildPhase section */

/* Begin PBXGroup section */
		D00000000000000000000001 = {
			isa = PBXGroup;
			children = (
				D00000000000000000000002 /* ThreadTrip */,
				D0000000000000000000000F /* ThreadTripTests */,
				D00000000000000000000012 /* Products */,
			);
			sourceTree = "<group>";
		};
		D00000000000000000000002 /* ThreadTrip */ = {
			isa = PBXGroup;
			children = (
				C00000000000000000000001 /* ThreadTripApp.swift */,
				C00000000000000000000010 /* TripOverviewView.swift */,
				C0000000000000000000000F /* TripOverviewViewModel.swift */,
				C00000000000000000000007 /* GroupTrip.swift */,
				C00000000000000000000008 /* ActivityCandidate.swift */,
				C00000000000000000000009 /* TripVotingRound.swift */,
				C0000000000000000000000A /* TravelActivityCatalogue.swift */,
				C0000000000000000000000B /* GenerateGroupActivityDeckUseCase.swift */,
				C00000000000000000000012 /* Assets.xcassets */,
				C00000000000000000000011 /* japan_activities.json */,
			);
			path = ThreadTrip;
			sourceTree = "<group>";
		};
		D0000000000000000000000F /* ThreadTripTests */ = {
			isa = PBXGroup;
			children = (
			);
			path = ThreadTripTests;
			sourceTree = "<group>";
		};
		D00000000000000000000012 /* Products */ = {
			isa = PBXGroup;
			children = (
				C00000000000000000000014 /* ThreadTrip.app */,
				C00000000000000000000015 /* ThreadTripTests.xctest */,
			);
			name = Products;
			sourceTree = "<group>";
		};
/* End PBXGroup section */

/* Begin PBXNativeTarget section */
		A00000000000000000000002 /* ThreadTrip */ = {
			isa = PBXNativeTarget;
			buildConfigurationList = F00000000000000000000002 /* Build configuration list for PBXNativeTarget "ThreadTrip" */;
			buildPhases = (
				E00000000000000000000003 /* Sources */,
				E00000000000000000000001 /* Frameworks */,
				E00000000000000000000004 /* Resources */,
			);
			buildRules = (
			);
			dependencies = (
			);
			name = ThreadTrip;
			productName = ThreadTrip;
			productReference = C00000000000000000000014 /* ThreadTrip.app */;
			productType = "com.apple.product-type.application";
		};
		A00000000000000000000003 /* ThreadTripTests */ = {
			isa = PBXNativeTarget;
			buildConfigurationList = F00000000000000000000003 /* Build configuration list for PBXNativeTarget "ThreadTripTests" */;
			buildPhases = (
				E00000000000000000000005 /* Sources */,
				E00000000000000000000002 /* Frameworks */,
				E00000000000000000000006 /* Resources */,
			);
			buildRules = (
			);
			dependencies = (
				A20000000000000000000001 /* PBXTargetDependency */,
			);
			name = ThreadTripTests;
			productName = ThreadTripTests;
			productReference = C00000000000000000000015 /* ThreadTripTests.xctest */;
			productType = "com.apple.product-type.bundle.unit-test";
		};
/* End PBXNativeTarget section */

/* Begin PBXProject section */
		A00000000000000000000001 /* Project object */ = {
			isa = PBXProject;
			attributes = {
				BuildIndependentTargetsInParallel = 1;
				LastSwiftUpdateCheck = 1600;
				LastUpgradeCheck = 1600;
				TargetAttributes = {
					A00000000000000000000002 = {
						CreatedOnToolsVersion = 16.0;
					};
					A00000000000000000000003 = {
						CreatedOnToolsVersion = 16.0;
						TestTargetID = A00000000000000000000002;
					};
				};
			};
			buildConfigurationList = F00000000000000000000001 /* Build configuration list for PBXProject "ThreadTrip" */;
			compatibilityVersion = "Xcode 15.0";
			developmentRegion = en;
			hasScannedForEncodings = 0;
			knownRegions = (
				en,
				Base,
			);
			mainGroup = D00000000000000000000001;
			productRefGroup = D00000000000000000000012 /* Products */;
			projectDirPath = "";
			projectRoot = "";
			targets = (
				A00000000000000000000002 /* ThreadTrip */,
				A00000000000000000000003 /* ThreadTripTests */,
			);
		};
/* End PBXProject section */

/* Begin PBXResourcesBuildPhase section */
		E00000000000000000000004 /* Resources */ = {
			isa = PBXResourcesBuildPhase;
			buildActionMask = 2147483647;
			files = (
				B00000000000000000000012 /* Assets.xcassets in Resources */,
				B00000000000000000000011 /* japan_activities.json in Resources */,
			);
			runOnlyForDeploymentPostprocessing = 0;
		};
		E00000000000000000000006 /* Resources */ = {
			isa = PBXResourcesBuildPhase;
			buildActionMask = 2147483647;
			files = (
			);
			runOnlyForDeploymentPostprocessing = 0;
		};
/* End PBXResourcesBuildPhase section */

/* Begin PBXSourcesBuildPhase section */
		E00000000000000000000003 /* Sources */ = {
			isa = PBXSourcesBuildPhase;
			buildActionMask = 2147483647;
			files = (
				B00000000000000000000001 /* ThreadTripApp.swift in Sources */,
				B00000000000000000000007 /* GroupTrip.swift in Sources */,
				B00000000000000000000008 /* ActivityCandidate.swift in Sources */,
				B00000000000000000000009 /* TripVotingRound.swift in Sources */,
				B0000000000000000000000A /* TravelActivityCatalogue.swift in Sources */,
				B0000000000000000000000B /* GenerateGroupActivityDeckUseCase.swift in Sources */,
				B0000000000000000000000F /* TripOverviewViewModel.swift in Sources */,
				B00000000000000000000010 /* TripOverviewView.swift in Sources */,
			);
			runOnlyForDeploymentPostprocessing = 0;
		};
		E00000000000000000000005 /* Sources */ = {
			isa = PBXSourcesBuildPhase;
			buildActionMask = 2147483647;
			files = (
			);
			runOnlyForDeploymentPostprocessing = 0;
		};
/* End PBXSourcesBuildPhase section */

/* Begin PBXTargetDependency section */
		A20000000000000000000001 /* PBXTargetDependency */ = {
			isa = PBXTargetDependency;
			target = A00000000000000000000002 /* ThreadTrip */;
			targetProxy = A10000000000000000000001 /* PBXContainerItemProxy */;
		};
/* End PBXTargetDependency section */

/* Begin XCBuildConfiguration section */
		F00000000000000000000011 /* Debug */ = {
			isa = XCBuildConfiguration;
			buildSettings = {
				ALWAYS_SEARCH_USER_PATHS = NO;
				CLANG_ANALYZER_NONNULL = YES;
				CLANG_ENABLE_MODULES = YES;
				CLANG_ENABLE_OBJC_ARC = YES;
				COPY_PHASE_STRIP = NO;
				DEBUG_INFORMATION_FORMAT = dwarf;
				ENABLE_TESTABILITY = YES;
				GCC_OPTIMIZATION_LEVEL = 0;
				IPHONEOS_DEPLOYMENT_TARGET = 17.0;
				ONLY_ACTIVE_ARCH = YES;
				SDKROOT = iphoneos;
				SWIFT_ACTIVE_COMPILATION_CONDITIONS = "DEBUG $(inherited)";
				SWIFT_OPTIMIZATION_LEVEL = "-Onone";
				SWIFT_VERSION = 5.0;
			};
			name = Debug;
		};
		F00000000000000000000012 /* Release */ = {
			isa = XCBuildConfiguration;
			buildSettings = {
				ALWAYS_SEARCH_USER_PATHS = NO;
				CLANG_ANALYZER_NONNULL = YES;
				CLANG_ENABLE_MODULES = YES;
				CLANG_ENABLE_OBJC_ARC = YES;
				COPY_PHASE_STRIP = YES;
				DEBUG_INFORMATION_FORMAT = "dwarf-with-dsym";
				IPHONEOS_DEPLOYMENT_TARGET = 17.0;
				SDKROOT = iphoneos;
				SWIFT_COMPILATION_MODE = wholemodule;
				SWIFT_OPTIMIZATION_LEVEL = "-O";
				SWIFT_VERSION = 5.0;
				VALIDATE_PRODUCT = YES;
			};
			name = Release;
		};
		F00000000000000000000021 /* Debug */ = {
			isa = XCBuildConfiguration;
			buildSettings = {
				ASSETCATALOG_COMPILER_APPICON_NAME = AppIcon;
				ASSETCATALOG_COMPILER_GLOBAL_ACCENT_COLOR_NAME = AccentColor;
				CODE_SIGN_STYLE = Automatic;
				CURRENT_PROJECT_VERSION = 1;
				DEVELOPMENT_TEAM = "";
				GENERATE_INFOPLIST_FILE = YES;
				INFOPLIST_KEY_CFBundleDisplayName = ThreadTrip;
				INFOPLIST_KEY_UILaunchScreen_Generation = YES;
				MARKETING_VERSION = 1.0;
				PRODUCT_BUNDLE_IDENTIFIER = com.threadtrip.a2.app;
				PRODUCT_NAME = "$(TARGET_NAME)";
				SUPPORTED_PLATFORMS = "iphoneos iphonesimulator";
				SWIFT_EMIT_LOC_STRINGS = YES;
				TARGETED_DEVICE_FAMILY = "1,2";
			};
			name = Debug;
		};
		F00000000000000000000022 /* Release */ = {
			isa = XCBuildConfiguration;
			buildSettings = {
				ASSETCATALOG_COMPILER_APPICON_NAME = AppIcon;
				ASSETCATALOG_COMPILER_GLOBAL_ACCENT_COLOR_NAME = AccentColor;
				CODE_SIGN_STYLE = Automatic;
				CURRENT_PROJECT_VERSION = 1;
				DEVELOPMENT_TEAM = "";
				GENERATE_INFOPLIST_FILE = YES;
				INFOPLIST_KEY_CFBundleDisplayName = ThreadTrip;
				INFOPLIST_KEY_UILaunchScreen_Generation = YES;
				MARKETING_VERSION = 1.0;
				PRODUCT_BUNDLE_IDENTIFIER = com.threadtrip.a2.app;
				PRODUCT_NAME = "$(TARGET_NAME)";
				SUPPORTED_PLATFORMS = "iphoneos iphonesimulator";
				SWIFT_EMIT_LOC_STRINGS = YES;
				TARGETED_DEVICE_FAMILY = "1,2";
			};
			name = Release;
		};
		F00000000000000000000031 /* Debug */ = {
			isa = XCBuildConfiguration;
			buildSettings = {
				BUNDLE_LOADER = "$(TEST_HOST)";
				CODE_SIGN_STYLE = Automatic;
				GENERATE_INFOPLIST_FILE = YES;
				IPHONEOS_DEPLOYMENT_TARGET = 17.0;
				PRODUCT_BUNDLE_IDENTIFIER = com.threadtrip.a2.tests;
				PRODUCT_NAME = "$(TARGET_NAME)";
				SUPPORTED_PLATFORMS = "iphoneos iphonesimulator";
				SWIFT_VERSION = 5.0;
				TARGETED_DEVICE_FAMILY = "1,2";
				TEST_HOST = "$(BUILT_PRODUCTS_DIR)/ThreadTrip.app/$(BUNDLE_EXECUTABLE_FOLDER_PATH)/ThreadTrip";
			};
			name = Debug;
		};
		F00000000000000000000032 /* Release */ = {
			isa = XCBuildConfiguration;
			buildSettings = {
				BUNDLE_LOADER = "$(TEST_HOST)";
				CODE_SIGN_STYLE = Automatic;
				GENERATE_INFOPLIST_FILE = YES;
				IPHONEOS_DEPLOYMENT_TARGET = 17.0;
				PRODUCT_BUNDLE_IDENTIFIER = com.threadtrip.a2.tests;
				PRODUCT_NAME = "$(TARGET_NAME)";
				SUPPORTED_PLATFORMS = "iphoneos iphonesimulator";
				SWIFT_VERSION = 5.0;
				TARGETED_DEVICE_FAMILY = "1,2";
				TEST_HOST = "$(BUILT_PRODUCTS_DIR)/ThreadTrip.app/$(BUNDLE_EXECUTABLE_FOLDER_PATH)/ThreadTrip";
			};
			name = Release;
		};
/* End XCBuildConfiguration section */

/* Begin XCConfigurationList section */
		F00000000000000000000001 /* Build configuration list for PBXProject "ThreadTrip" */ = {
			isa = XCConfigurationList;
			buildConfigurations = (
				F00000000000000000000011 /* Debug */,
				F00000000000000000000012 /* Release */,
			);
			defaultConfigurationIsVisible = 0;
			defaultConfigurationName = Release;
		};
		F00000000000000000000002 /* Build configuration list for PBXNativeTarget "ThreadTrip" */ = {
			isa = XCConfigurationList;
			buildConfigurations = (
				F00000000000000000000021 /* Debug */,
				F00000000000000000000022 /* Release */,
			);
			defaultConfigurationIsVisible = 0;
			defaultConfigurationName = Release;
		};
		F00000000000000000000003 /* Build configuration list for PBXNativeTarget "ThreadTripTests" */ = {
			isa = XCConfigurationList;
			buildConfigurations = (
				F00000000000000000000031 /* Debug */,
				F00000000000000000000032 /* Release */,
			);
			defaultConfigurationIsVisible = 0;
			defaultConfigurationName = Release;
		};
/* End XCConfigurationList section */
	};
	rootObject = A00000000000000000000001 /* Project object */;
}
